
Microsoft Visual Studio Solution File, Format Version 12.00
# Visual Studio Version 17
VisualStudioVersion = 17.8.34309.116
MinimumVisualStudioVersion = 10.0.40219.1
Project("{FAE04EC0-301F-11D3-BF4B-00C04F79EFBC}") = "onlineStore", "onlineStore\onlineStore.csproj", "{EFFE9626-C705-40DA-9A8F-352BBA0F5B81}"
EndProject
Global
	GlobalSection(SolutionConfigurationPlatforms) = preSolution
		Debug|Any CPU = Debug|Any CPU
		Release|Any CPU = Release|Any CPU
	EndGlobalSection
	GlobalSection(ProjectConfigurationPlatforms) = postSolution
		{EFFE9626-C705-40DA-9A8F-352BBA0F5B81}.Debug|Any CPU.ActiveCfg = Debug|Any CPU
		{EFFE9626-C705-40DA-9A8F-352BBA0F5B81}.Debug|Any CPU.Build.0 = Debug|Any CPU
		{EFFE9626-C705-40DA-9A8F-352BBA0F5B81}.Release|Any CPU.ActiveCfg = Release|Any CPU
		{EFFE9626-C705-40DA-9A8F-352BBA0F5B81}.Release|Any CPU.Build.0 = Release|Any CPU
	EndGlobalSection
	GlobalSection(SolutionProperties) = preSolution
		HideSolutionNode = FALSE
	EndGlobalSection
	GlobalSection(ExtensibilityGlobals) = postSolution
		SolutionGuid = {AFFD655D-B0CC-4605-A37E-0FF5782C55DB}
	EndGlobalSection
EndGlobal
